
Microsoft Visual Studio Solution File, Format Version 12.00
# Visual Studio Version 17
VisualStudioVersion = 17.5.002.0
MinimumVisualStudioVersion = 10.0.40219.1
Project("{9A19103F-16F7-4668-BE54-9A1E7A4F7556}") = "BizzUIApi", "BizzUIApi.csproj", "{E40F7E94-DF44-414D-97BE-CB08576796BC}"
EndProject
Global
	GlobalSection(SolutionConfigurationPlatforms) = preSolution
		Debug|Any CPU = Debug|Any CPU
		Release|Any CPU = Release|Any CPU
	EndGlobalSection
	GlobalSection(ProjectConfigurationPlatforms) = postSolution
		{E40F7E94-DF44-414D-97BE-CB08576796BC}.Debug|Any CPU.ActiveCfg = Debug|Any CPU
		{E40F7E94-DF44-414D-97BE-CB08576796BC}.Debug|Any CPU.Build.0 = Debug|Any CPU
		{E40F7E94-DF44-414D-97BE-CB08576796BC}.Release|Any CPU.ActiveCfg = Release|Any CPU
		{E40F7E94-DF44-414D-97BE-CB08576796BC}.Release|Any CPU.Build.0 = Release|Any CPU
	EndGlobalSection
	GlobalSection(SolutionProperties) = preSolution
		HideSolutionNode = FALSE
	EndGlobalSection
	GlobalSection(ExtensibilityGlobals) = postSolution
		SolutionGuid = {2436947D-A7B0-4AD5-9175-628C992925EA}
	EndGlobalSection
EndGlobal
